// !$*UTF8*$!
{
	archiveVersion = 1;
	classes = {
	};
	objectVersion = 50;
	objects = {

/* Begin PBXBuildFile section */
		7F95354221EEC13000DA5B2A /* AppDelegate.swift in Sources */ = {isa = PBXBuildFile; fileRef = 7F95354121EEC13000DA5B2A /* AppDelegate.swift */; };
		7F95354421EEC13000DA5B2A /* NavegadorViewController.swift in Sources */ = {isa = PBXBuildFile; fileRef = 7F95354321EEC13000DA5B2A /* NavegadorViewController.swift */; };
		7F95354921EEC13100DA5B2A /* Assets.xcassets in Resources */ = {isa = PBXBuildFile; fileRef = 7F95354821EEC13100DA5B2A /* Assets.xcassets */; };
		7F95354C21EEC13100DA5B2A /* LaunchScreen.storyboard in Resources */ = {isa = PBXBuildFile; fileRef = 7F95354A21EEC13100DA5B2A /* LaunchScreen.storyboard */; };
		7F95355721EEC13100DA5B2A /* NavegadorSwiftWebKitViewTests.swift in Sources */ = {isa = PBXBuildFile; fileRef = 7F95355621EEC13100DA5B2A /* NavegadorSwiftWebKitViewTests.swift */; };
		7F95356221EEC13100DA5B2A /* NavegadorSwiftWebKitViewUITests.swift in Sources */ = {isa = PBXBuildFile; fileRef = 7F95356121EEC13100DA5B2A /* NavegadorSwiftWebKitViewUITests.swift */; };
		7F95357021EEC23E00DA5B2A /* HistorialViewController.swift in Sources */ = {isa = PBXBuildFile; fileRef = 7F95356F21EEC23E00DA5B2A /* HistorialViewController.swift */; };
		7F95357321EEC54400DA5B2A /* Main.storyboard in Resources */ = {isa = PBXBuildFile; fileRef = 7F95357121EEC54400DA5B2A /* Main.storyboard */; };
		7FF3881E21F0E24A00472A3C /* TiPineApp.png in Resources */ = {isa = PBXBuildFile; fileRef = 7FF3881621F0E24900472A3C /* TiPineApp.png */; };
		7FF3881F21F0E24A00472A3C /* Tales.png in Resources */ = {isa = PBXBuildFile; fileRef = 7FF3881721F0E24900472A3C /* Tales.png */; };
		7FF3882021F0E24A00472A3C /* TAppStore.png in Resources */ = {isa = PBXBuildFile; fileRef = 7FF3881821F0E24A00472A3C /* TAppStore.png */; };
		7FF3882121F0E24A00472A3C /* Protecor.png in Resources */ = {isa = PBXBuildFile; fileRef = 7FF3881921F0E24A00472A3C /* Protecor.png */; };
		7FF3882221F0E24A00472A3C /* TiPadApp.png in Resources */ = {isa = PBXBuildFile; fileRef = 7FF3881A21F0E24A00472A3C /* TiPadApp.png */; };
		7FF3882321F0E24A00472A3C /* TiPadProApp.png in Resources */ = {isa = PBXBuildFile; fileRef = 7FF3881B21F0E24A00472A3C /* TiPadProApp.png */; };
		7FF3882421F0E24A00472A3C /* TiPadApp2.png in Resources */ = {isa = PBXBuildFile; fileRef = 7FF3881C21F0E24A00472A3C /* TiPadApp2.png */; };
		7FF3882521F0E24A00472A3C /* TiPineApp2.png in Resources */ = {isa = PBXBuildFile; fileRef = 7FF3881D21F0E24A00472A3C /* TiPineApp2.png */; };
/* End PBXBuildFile section */

/* Begin PBXContainerItemProxy section */
		7F95355321EEC13100DA5B2A /* PBXContainerItemProxy */ = {
			isa = PBXContainerItemProxy;
			containerPortal = 7F95353621EEC13000DA5B2A /* Project object */;
			proxyType = 1;
			remoteGlobalIDString = 7F95353D21EEC13000DA5B2A;
			remoteInfo = NavegadorSwiftWebKitView;
		};
		7F95355E21EEC13100DA5B2A /* PBXContainerItemProxy */ = {
			isa = PBXContainerItemProxy;
			containerPortal = 7F95353621EEC13000DA5B2A /* Project object */;
			proxyType = 1;
			remoteGlobalIDString = 7F95353D21EEC13000DA5B2A;
			remoteInfo = NavegadorSwiftWebKitView;
		};
/* End PBXContainerItemProxy section */

/* Begin PBXFileReference section */
		7F95353E21EEC13000DA5B2A /* NavegadorSwiftWebKitView.app */ = {isa = PBXFileReference; explicitFileType = wrapper.application; includeInIndex = 0; path = NavegadorSwiftWebKitView.app; sourceTree = BUILT_PRODUCTS_DIR; };
		7F95354121EEC13000DA5B2A /* AppDelegate.swift */ = {isa = PBXFileReference; lastKnownFileType = sourcecode.swift; path = AppDelegate.swift; sourceTree = "<group>"; };
		7F95354321EEC13000DA5B2A /* NavegadorViewController.swift */ = {isa = PBXFileReference; lastKnownFileType = sourcecode.swift; path = NavegadorViewController.swift; sourceTree = "<group>"; };
		7F95354821EEC13100DA5B2A /* Assets.xcassets */ = {isa = PBXFileReference; lastKnownFileType = folder.assetcatalog; path = Assets.xcassets; sourceTree = "<group>"; };
		7F95354B21EEC13100DA5B2A /* Base */ = {isa = PBXFileReference; lastKnownFileType = file.storyboard; name = Base; path = Base.lproj/LaunchScreen.storyboard; sourceTree = "<group>"; };
		7F95354D21EEC13100DA5B2A /* Info.plist */ = {isa = PBXFileReference; lastKnownFileType = text.plist.xml; path = Info.plist; sourceTree = "<group>"; };
		7F95355221EEC13100DA5B2A /* NavegadorSwiftWebKitViewTests.xctest */ = {isa = PBXFileReference; explicitFileType = wrapper.cfbundle; includeInIndex = 0; path = NavegadorSwiftWebKitViewTests.xctest; sourceTree = BUILT_PRODUCTS_DIR; };
		7F95355621EEC13100DA5B2A /* NavegadorSwiftWebKitViewTests.swift */ = {isa = PBXFileReference; lastKnownFileType = sourcecode.swift; path = NavegadorSwiftWebKitViewTests.swift; sourceTree = "<group>"; };
		7F95355821EEC13100DA5B2A /* Info.plist */ = {isa = PBXFileReference; lastKnownFileType = text.plist.xml; path = Info.plist; sourceTree = "<group>"; };
		7F95355D21EEC13100DA5B2A /* NavegadorSwiftWebKitViewUITests.xctest */ = {isa = PBXFileReference; explicitFileType = wrapper.cfbundle; includeInIndex = 0; path = NavegadorSwiftWebKitViewUITests.xctest; sourceTree = BUILT_PRODUCTS_DIR; };
		7F95356121EEC13100DA5B2A /* NavegadorSwiftWebKitViewUITests.swift */ = {isa = PBXFileReference; lastKnownFileType = sourcecode.swift; path = NavegadorSwiftWebKitViewUITests.swift; sourceTree = "<group>"; };
		7F95356321EEC13100DA5B2A /* Info.plist */ = {isa = PBXFileReference; lastKnownFileType = text.plist.xml; path = Info.plist; sourceTree = "<group>"; };
		7F95356F21EEC23E00DA5B2A /* HistorialViewController.swift */ = {isa = PBXFileReference; lastKnownFileType = sourcecode.swift; path = HistorialViewController.swift; sourceTree = "<group>"; };
		7F95357221EEC54400DA5B2A /* Base */ = {isa = PBXFileReference; lastKnownFileType = file.storyboard; name = Base; path = Base.lproj/Main.storyboard; sourceTree = "<group>"; };
		7FF3881621F0E24900472A3C /* TiPineApp.png */ = {isa = PBXFileReference; lastKnownFileType = image.png; path = TiPineApp.png; sourceTree = "<group>"; };
		7FF3881721F0E24900472A3C /* Tales.png */ = {isa = PBXFileReference; lastKnownFileType = image.png; path = Tales.png; sourceTree = "<group>"; };
		7FF3881821F0E24A00472A3C /* TAppStore.png */ = {isa = PBXFileReference; lastKnownFileType = image.png; path = TAppStore.png; sourceTree = "<group>"; };
		7FF3881921F0E24A00472A3C /* Protecor.png */ = {isa = PBXFileReference; lastKnownFileType = image.png; path = Protecor.png; sourceTree = "<group>"; };
		7FF3881A21F0E24A00472A3C /* TiPadApp.png */ = {isa = PBXFileReference; lastKnownFileType = image.png; path = TiPadApp.png; sourceTree = "<group>"; };
		7FF3881B21F0E24A00472A3C /* TiPadProApp.png */ = {isa = PBXFileReference; lastKnownFileType = image.png; path = TiPadProApp.png; sourceTree = "<group>"; };
		7FF3881C21F0E24A00472A3C /* TiPadApp2.png */ = {isa = PBXFileReference; lastKnownFileType = image.png; path = TiPadApp2.png; sourceTree = "<group>"; };
		7FF3881D21F0E24A00472A3C /* TiPineApp2.png */ = {isa = PBXFileReference; lastKnownFileType = image.png; path = TiPineApp2.png; sourceTree = "<group>"; };
/* End PBXFileReference section */

/* Begin PBXFrameworksBuildPhase section */
		7F95353B21EEC13000DA5B2A /* Frameworks */ = {
			isa = PBXFrameworksBuildPhase;
			buildActionMask = 2147483647;
			files = (
			);
			runOnlyForDeploymentPostprocessing = 0;
		};
		7F95354F21EEC13100DA5B2A /* Frameworks */ = {
			isa = PBXFrameworksBuildPhase;
			buildActionMask = 2147483647;
			files = (
			);
			runOnlyForDeploymentPostprocessing = 0;
		};
		7F95355A21EEC13100DA5B2A /* Frameworks */ = {
			isa = PBXFrameworksBuildPhase;
			buildActionMask = 2147483647;
			files = (
			);
			runOnlyForDeploymentPostprocessing = 0;
		};
/* End PBXFrameworksBuildPhase section */

/* Begin PBXGroup section */
		7F95353521EEC13000DA5B2A = {
			isa = PBXGroup;
			children = (
				7F95358021EF50C800DA5B2A /* img */,
				7F95354021EEC13000DA5B2A /* NavegadorSwiftWebKitView */,
				7F95355521EEC13100DA5B2A /* NavegadorSwiftWebKitViewTests */,
				7F95356021EEC13100DA5B2A /* NavegadorSwiftWebKitViewUITests */,
				7F95353F21EEC13000DA5B2A /* Products */,
				7F95358F21EF525100DA5B2A /* Frameworks */,
			);
			sourceTree = "<group>";
		};
		7F95353F21EEC13000DA5B2A /* Products */ = {
			isa = PBXGroup;
			children = (
				7F95353E21EEC13000DA5B2A /* NavegadorSwiftWebKitView.app */,
				7F95355221EEC13100DA5B2A /* NavegadorSwiftWebKitViewTests.xctest */,
				7F95355D21EEC13100DA5B2A /* NavegadorSwiftWebKitViewUITests.xctest */,
			);
			name = Products;
			sourceTree = "<group>";
		};
		7F95354021EEC13000DA5B2A /* NavegadorSwiftWebKitView */ = {
			isa = PBXGroup;
			children = (
				7F95354121EEC13000DA5B2A /* AppDelegate.swift */,
				7F95354321EEC13000DA5B2A /* NavegadorViewController.swift */,
				7F95356F21EEC23E00DA5B2A /* HistorialViewController.swift */,
				7F95357121EEC54400DA5B2A /* Main.storyboard */,
				7F95354821EEC13100DA5B2A /* Assets.xcassets */,
				7F95354A21EEC13100DA5B2A /* LaunchScreen.storyboard */,
				7F95354D21EEC13100DA5B2A /* Info.plist */,
			);
			path = NavegadorSwiftWebKitView;
			sourceTree = "<group>";
		};
		7F95355521EEC13100DA5B2A /* NavegadorSwiftWebKitViewTests */ = {
			isa = PBXGroup;
			children = (
				7F95355621EEC13100DA5B2A /* NavegadorSwiftWebKitViewTests.swift */,
				7F95355821EEC13100DA5B2A /* Info.plist */,
			);
			path = NavegadorSwiftWebKitViewTests;
			sourceTree = "<group>";
		};
		7F95356021EEC13100DA5B2A /* NavegadorSwiftWebKitViewUITests */ = {
			isa = PBXGroup;
			children = (
				7F95356121EEC13100DA5B2A /* NavegadorSwiftWebKitViewUITests.swift */,
				7F95356321EEC13100DA5B2A /* Info.plist */,
			);
			path = NavegadorSwiftWebKitViewUITests;
			sourceTree = "<group>";
		};
		7F95358021EF50C800DA5B2A /* img */ = {
			isa = PBXGroup;
			children = (
				7FF3881721F0E24900472A3C /* Tales.png */,
				7FF3881921F0E24A00472A3C /* Protecor.png */,
				7FF3881821F0E24A00472A3C /* TAppStore.png */,
				7FF3881A21F0E24A00472A3C /* TiPadApp.png */,
				7FF3881C21F0E24A00472A3C /* TiPadApp2.png */,
				7FF3881B21F0E24A00472A3C /* TiPadProApp.png */,
				7FF3881621F0E24900472A3C /* TiPineApp.png */,
				7FF3881D21F0E24A00472A3C /* TiPineApp2.png */,
			);
			path = img;
			sourceTree = "<group>";
		};
		7F95358F21EF525100DA5B2A /* Frameworks */ = {
			isa = PBXGroup;
			children = (
			);
			name = Frameworks;
			sourceTree = "<group>";
		};
/* End PBXGroup section */

/* Begin PBXNativeTarget section */
		7F95353D21EEC13000DA5B2A /* NavegadorSwiftWebKitView */ = {
			isa = PBXNativeTarget;
			buildConfigurationList = 7F95356621EEC13100DA5B2A /* Build configuration list for PBXNativeTarget "NavegadorSwiftWebKitView" */;
			buildPhases = (
				7F95353A21EEC13000DA5B2A /* Sources */,
				7F95353B21EEC13000DA5B2A /* Frameworks */,
				7F95353C21EEC13000DA5B2A /* Resources */,
			);
			buildRules = (
			);
			dependencies = (
			);
			name = NavegadorSwiftWebKitView;
			productName = NavegadorSwiftWebKitView;
			productReference = 7F95353E21EEC13000DA5B2A /* NavegadorSwiftWebKitView.app */;
			productType = "com.apple.product-type.application";
		};
		7F95355121EEC13100DA5B2A /* NavegadorSwiftWebKitViewTests */ = {
			isa = PBXNativeTarget;
			buildConfigurationList = 7F95356921EEC13100DA5B2A /* Build configuration list for PBXNativeTarget "NavegadorSwiftWebKitViewTests" */;
			buildPhases = (
				7F95354E21EEC13100DA5B2A /* Sources */,
				7F95354F21EEC13100DA5B2A /* Frameworks */,
				7F95355021EEC13100DA5B2A /* Resources */,
			);
			buildRules = (
			);
			dependencies = (
				7F95355421EEC13100DA5B2A /* PBXTargetDependency */,
			);
			name = NavegadorSwiftWebKitViewTests;
			productName = NavegadorSwiftWebKitViewTests;
			productReference = 7F95355221EEC13100DA5B2A /* NavegadorSwiftWebKitViewTests.xctest */;
			productType = "com.apple.product-type.bundle.unit-test";
		};
		7F95355C21EEC13100DA5B2A /* NavegadorSwiftWebKitViewUITests */ = {
			isa = PBXNativeTarget;
			buildConfigurationList = 7F95356C21EEC13100DA5B2A /* Build configuration list for PBXNativeTarget "NavegadorSwiftWebKitViewUITests" */;
			buildPhases = (
				7F95355921EEC13100DA5B2A /* Sources */,
				7F95355A21EEC13100DA5B2A /* Frameworks */,
				7F95355B21EEC13100DA5B2A /* Resources */,
			);
			buildRules = (
			);
			dependencies = (
				7F95355F21EEC13100DA5B2A /* PBXTargetDependency */,
			);
			name = NavegadorSwiftWebKitViewUITests;
			productName = NavegadorSwiftWebKitViewUITests;
			productReference = 7F95355D21EEC13100DA5B2A /* NavegadorSwiftWebKitViewUITests.xctest */;
			productType = "com.apple.product-type.bundle.ui-testing";
		};
/* End PBXNativeTarget section */

/* Begin PBXProject section */
		7F95353621EEC13000DA5B2A /* Project object */ = {
			isa = PBXProject;
			attributes = {
				LastSwiftUpdateCheck = 1010;
				LastUpgradeCheck = 1010;
				ORGANIZATIONNAME = "Daniel Queraltó Parra";
				TargetAttributes = {
					7F95353D21EEC13000DA5B2A = {
						CreatedOnToolsVersion = 10.1;
					};
					7F95355121EEC13100DA5B2A = {
						CreatedOnToolsVersion = 10.1;
						TestTargetID = 7F95353D21EEC13000DA5B2A;
					};
					7F95355C21EEC13100DA5B2A = {
						CreatedOnToolsVersion = 10.1;
						TestTargetID = 7F95353D21EEC13000DA5B2A;
					};
				};
			};
			buildConfigurationList = 7F95353921EEC13000DA5B2A /* Build configuration list for PBXProject "NavegadorSwiftWebKitView" */;
			compatibilityVersion = "Xcode 9.3";
			developmentRegion = en;
			hasScannedForEncodings = 0;
			knownRegions = (
				en,
				Base,
			);
			mainGroup = 7F95353521EEC13000DA5B2A;
			productRefGroup = 7F95353F21EEC13000DA5B2A /* Products */;
			projectDirPath = "";
			projectRoot = "";
			targets = (
				7F95353D21EEC13000DA5B2A /* NavegadorSwiftWebKitView */,
				7F95355121EEC13100DA5B2A /* NavegadorSwiftWebKitViewTests */,
				7F95355C21EEC13100DA5B2A /* NavegadorSwiftWebKitViewUITests */,
			);
		};
/* End PBXProject section */

/* Begin PBXResourcesBuildPhase section */
		7F95353C21EEC13000DA5B2A /* Resources */ = {
			isa = PBXResourcesBuildPhase;
			buildActionMask = 2147483647;
			files = (
				7F95357321EEC54400DA5B2A /* Main.storyboard in Resources */,
				7FF3882221F0E24A00472A3C /* TiPadApp.png in Resources */,
				7FF3882321F0E24A00472A3C /* TiPadProApp.png in Resources */,
				7FF3882121F0E24A00472A3C /* Protecor.png in Resources */,
				7FF3882421F0E24A00472A3C /* TiPadApp2.png in Resources */,
				7FF3882021F0E24A00472A3C /* TAppStore.png in Resources */,
				7FF3881E21F0E24A00472A3C /* TiPineApp.png in Resources */,
				7F95354C21EEC13100DA5B2A /* LaunchScreen.storyboard in Resources */,
				7F95354921EEC13100DA5B2A /* Assets.xcassets in Resources */,
				7FF3881F21F0E24A00472A3C /* Tales.png in Resources */,
				7FF3882521F0E24A00472A3C /* TiPineApp2.png in Resources */,
			);
			runOnlyForDeploymentPostprocessing = 0;
		};
		7F95355021EEC13100DA5B2A /* Resources */ = {
			isa = PBXResourcesBuildPhase;
			buildActionMask = 2147483647;
			files = (
			);
			runOnlyForDeploymentPostprocessing = 0;
		};
		7F95355B21EEC13100DA5B2A /* Resources */ = {
			isa = PBXResourcesBuildPhase;
			buildActionMask = 2147483647;
			files = (
			);
			runOnlyForDeploymentPostprocessing = 0;
		};
/* End PBXResourcesBuildPhase section */

/* Begin PBXSourcesBuildPhase section */
		7F95353A21EEC13000DA5B2A /* Sources */ = {
			isa = PBXSourcesBuildPhase;
			buildActionMask = 2147483647;
			files = (
				7F95354421EEC13000DA5B2A /* NavegadorViewController.swift in Sources */,
				7F95354221EEC13000DA5B2A /* AppDelegate.swift in Sources */,
				7F95357021EEC23E00DA5B2A /* HistorialViewController.swift in Sources */,
			);
			runOnlyForDeploymentPostprocessing = 0;
		};
		7F95354E21EEC13100DA5B2A /* Sources */ = {
			isa = PBXSourcesBuildPhase;
			buildActionMask = 2147483647;
			files = (
				7F95355721EEC13100DA5B2A /* NavegadorSwiftWebKitViewTests.swift in Sources */,
			);
			runOnlyForDeploymentPostprocessing = 0;
		};
		7F95355921EEC13100DA5B2A /* Sources */ = {
			isa = PBXSourcesBuildPhase;
			buildActionMask = 2147483647;
			files = (
				7F95356221EEC13100DA5B2A /* NavegadorSwiftWebKitViewUITests.swift in Sources */,
			);
			runOnlyForDeploymentPostprocessing = 0;
		};
/* End PBXSourcesBuildPhase section */

/* Begin PBXTargetDependency section */
		7F95355421EEC13100DA5B2A /* PBXTargetDependency */ = {
			isa = PBXTargetDependency;
			target = 7F95353D21EEC13000DA5B2A /* NavegadorSwiftWebKitView */;
			targetProxy = 7F95355321EEC13100DA5B2A /* PBXContainerItemProxy */;
		};
		7F95355F21EEC13100DA5B2A /* PBXTargetDependency */ = {
			isa = PBXTargetDependency;
			target = 7F95353D21EEC13000DA5B2A /* NavegadorSwiftWebKitView */;
			targetProxy = 7F95355E21EEC13100DA5B2A /* PBXContainerItemProxy */;
		};
/* End PBXTargetDependency section */

/* Begin PBXVariantGroup section */
		7F95354A21EEC13100DA5B2A /* LaunchScreen.storyboard */ = {
			isa = PBXVariantGroup;
			children = (
				7F95354B21EEC13100DA5B2A /* Base */,
			);
			name = LaunchScreen.storyboard;
			sourceTree = "<group>";
		};
		7F95357121EEC54400DA5B2A /* Main.storyboard */ = {
			isa = PBXVariantGroup;
			children = (
				7F95357221EEC54400DA5B2A /* Base */,
			);
			name = Main.storyboard;
			sourceTree = "<group>";
		};
/* End PBXVariantGroup section */

/* Begin XCBuildConfiguration section */
		7F95356421EEC13100DA5B2A /* Debug */ = {
			isa = XCBuildConfiguration;
			buildSettings = {
				ALWAYS_SEARCH_USER_PATHS = NO;
				CLANG_ANALYZER_NONNULL = YES;
				CLANG_ANALYZER_NUMBER_OBJECT_CONVERSION = YES_AGGRESSIVE;
				CLANG_CXX_LANGUAGE_STANDARD = "gnu++14";
				CLANG_CXX_LIBRARY = "libc++";
				CLANG_ENABLE_MODULES = YES;
				CLANG_ENABLE_OBJC_ARC = YES;
				CLANG_ENABLE_OBJC_WEAK = YES;
				CLANG_WARN_BLOCK_CAPTURE_AUTORELEASING = YES;
				CLANG_WARN_BOOL_CONVERSION = YES;
				CLANG_WARN_COMMA = YES;
				CLANG_WARN_CONSTANT_CONVERSION = YES;
				CLANG_WARN_DEPRECATED_OBJC_IMPLEMENTATIONS = YES;
				CLANG_WARN_DIRECT_OBJC_ISA_USAGE = YES_ERROR;
				CLANG_WARN_DOCUMENTATION_COMMENTS = YES;
				CLANG_WARN_EMPTY_BODY = YES;
				CLANG_WARN_ENUM_CONVERSION = YES;
				CLANG_WARN_INFINITE_RECURSION = YES;
				CLANG_WARN_INT_CONVERSION = YES;
				CLANG_WARN_NON_LITERAL_NULL_CONVERSION = YES;
				CLANG_WARN_OBJC_IMPLICIT_RETAIN_SELF = YES;
				CLANG_WARN_OBJC_LITERAL_CONVERSION = YES;
				CLANG_WARN_OBJC_ROOT_CLASS = YES_ERROR;
				CLANG_WARN_RANGE_LOOP_ANALYSIS = YES;
				CLANG_WARN_STRICT_PROTOTYPES = YES;
				CLANG_WARN_SUSPICIOUS_MOVE = YES;
				CLANG_WARN_UNGUARDED_AVAILABILITY = YES_AGGRESSIVE;
				CLANG_WARN_UNREACHABLE_CODE = YES;
				CLANG_WARN__DUPLICATE_METHOD_MATCH = YES;
				CODE_SIGN_IDENTITY = "iPhone Developer";
				COPY_PHASE_STRIP = NO;
				DEBUG_INFORMATION_FORMAT = dwarf;
				ENABLE_STRICT_OBJC_MSGSEND = YES;
				ENABLE_TESTABILITY = YES;
				GCC_C_LANGUAGE_STANDARD = gnu11;
				GCC_DYNAMIC_NO_PIC = NO;
				GCC_NO_COMMON_BLOCKS = YES;
				GCC_OPTIMIZATION_LEVEL = 0;
				GCC_PREPROCESSOR_DEFINITIONS = (
					"DEBUG=1",
					"$(inherited)",
				);
				GCC_WARN_64_TO_32_BIT_CONVERSION = YES;
				GCC_WARN_ABOUT_RETURN_TYPE = YES_ERROR;
				GCC_WARN_UNDECLARED_SELECTOR = YES;
				GCC_WARN_UNINITIALIZED_AUTOS = YES_AGGRESSIVE;
				GCC_WARN_UNUSED_FUNCTION = YES;
				GCC_WARN_UNUSED_VARIABLE = YES;
				IPHONEOS_DEPLOYMENT_TARGET = 12.1;
				MTL_ENABLE_DEBUG_INFO = INCLUDE_SOURCE;
				MTL_FAST_MATH = YES;
				ONLY_ACTIVE_ARCH = YES;
				SDKROOT = iphoneos;
				SWIFT_ACTIVE_COMPILATION_CONDITIONS = DEBUG;
				SWIFT_OPTIMIZATION_LEVEL = "-Onone";
			};
			name = Debug;
		};
		7F95356521EEC13100DA5B2A /* Release */ = {
			isa = XCBuildConfiguration;
			buildSettings = {
				ALWAYS_SEARCH_USER_PATHS = NO;
				CLANG_ANALYZER_NONNULL = YES;
				CLANG_ANALYZER_NUMBER_OBJECT_CONVERSION = YES_AGGRESSIVE;
				CLANG_CXX_LANGUAGE_STANDARD = "gnu++14";
				CLANG_CXX_LIBRARY = "libc++";
				CLANG_ENABLE_MODULES = YES;
				CLANG_ENABLE_OBJC_ARC = YES;
				CLANG_ENABLE_OBJC_WEAK = YES;
				CLANG_WARN_BLOCK_CAPTURE_AUTORELEASING = YES;
				CLANG_WARN_BOOL_CONVERSION = YES;
				CLANG_WARN_COMMA = YES;
				CLANG_WARN_CONSTANT_CONVERSION = YES;
				CLANG_WARN_DEPRECATED_OBJC_IMPLEMENTATIONS = YES;
				CLANG_WARN_DIRECT_OBJC_ISA_USAGE = YES_ERROR;
				CLANG_WARN_DOCUMENTATION_COMMENTS = YES;
				CLANG_WARN_EMPTY_BODY = YES;
				CLANG_WARN_ENUM_CONVERSION = YES;
				CLANG_WARN_INFINITE_RECURSION = YES;
				CLANG_WARN_INT_CONVERSION = YES;
				CLANG_WARN_NON_LITERAL_NULL_CONVERSION = YES;
				CLANG_WARN_OBJC_IMPLICIT_RETAIN_SELF = YES;
				CLANG_WARN_OBJC_LITERAL_CONVERSION = YES;
				CLANG_WARN_OBJC_ROOT_CLASS = YES_ERROR;
				CLANG_WARN_RANGE_LOOP_ANALYSIS = YES;
				CLANG_WARN_STRICT_PROTOTYPES = YES;
				CLANG_WARN_SUSPICIOUS_MOVE = YES;
				CLANG_WARN_UNGUARDED_AVAILABILITY = YES_AGGRESSIVE;
				CLANG_WARN_UNREACHABLE_CODE = YES;
				CLANG_WARN__DUPLICATE_METHOD_MATCH = YES;
				CODE_SIGN_IDENTITY = "iPhone Developer";
				COPY_PHASE_STRIP = NO;
				DEBUG_INFORMATION_FORMAT = "dwarf-with-dsym";
				ENABLE_NS_ASSERTIONS = NO;
				ENABLE_STRICT_OBJC_MSGSEND = YES;
				GCC_C_LANGUAGE_STANDARD = gnu11;
				GCC_NO_COMMON_BLOCKS = YES;
				GCC_WARN_64_TO_32_BIT_CONVERSION = YES;
				GCC_WARN_ABOUT_RETURN_TYPE = YES_ERROR;
				GCC_WARN_UNDECLARED_SELECTOR = YES;
				GCC_WARN_UNINITIALIZED_AUTOS = YES_AGGRESSIVE;
				GCC_WARN_UNUSED_FUNCTION = YES;
				GCC_WARN_UNUSED_VARIABLE = YES;
				IPHONEOS_DEPLOYMENT_TARGET = 12.1;
				MTL_ENABLE_DEBUG_INFO = NO;
				MTL_FAST_MATH = YES;
				SDKROOT = iphoneos;
				SWIFT_COMPILATION_MODE = wholemodule;
				SWIFT_OPTIMIZATION_LEVEL = "-O";
				VALIDATE_PRODUCT = YES;
			};
			name = Release;
		};
		7F95356721EEC13100DA5B2A /* Debug */ = {
			isa = XCBuildConfiguration;
			buildSettings = {
				ASSETCATALOG_COMPILER_APPICON_NAME = AppIcon;
				CODE_SIGN_STYLE = Automatic;
				DEVELOPMENT_TEAM = G2N53T53EN;
				INFOPLIST_FILE = NavegadorSwiftWebKitView/Info.plist;
				LD_RUNPATH_SEARCH_PATHS = (
					"$(inherited)",
					"@executable_path/Frameworks",
				);
				PRODUCT_BUNDLE_IDENTIFIER = dqp.NavegadorSwiftWebKitView;
				PRODUCT_NAME = "$(TARGET_NAME)";
				SWIFT_VERSION = 4.2;
				TARGETED_DEVICE_FAMILY = "1,2";
			};
			name = Debug;
		};
		7F95356821EEC13100DA5B2A /* Release */ = {
			isa = XCBuildConfiguration;
			buildSettings = {
				ASSETCATALOG_COMPILER_APPICON_NAME = AppIcon;
				CODE_SIGN_STYLE = Automatic;
				DEVELOPMENT_TEAM = G2N53T53EN;
				INFOPLIST_FILE = NavegadorSwiftWebKitView/Info.plist;
				LD_RUNPATH_SEARCH_PATHS = (
					"$(inherited)",
					"@executable_path/Frameworks",
				);
				PRODUCT_BUNDLE_IDENTIFIER = dqp.NavegadorSwiftWebKitView;
				PRODUCT_NAME = "$(TARGET_NAME)";
				SWIFT_VERSION = 4.2;
				TARGETED_DEVICE_FAMILY = "1,2";
			};
			name = Release;
		};
		7F95356A21EEC13100DA5B2A /* Debug */ = {
			isa = XCBuildConfiguration;
			buildSettings = {
				ALWAYS_EMBED_SWIFT_STANDARD_LIBRARIES = YES;
				BUNDLE_LOADER = "$(TEST_HOST)";
				CODE_SIGN_STYLE = Automatic;
				DEVELOPMENT_TEAM = G2N53T53EN;
				INFOPLIST_FILE = NavegadorSwiftWebKitViewTests/Info.plist;
				LD_RUNPATH_SEARCH_PATHS = (
					"$(inherited)",
					"@executable_path/Frameworks",
					"@loader_path/Frameworks",
				);
				PRODUCT_BUNDLE_IDENTIFIER = dqp.NavegadorSwiftWebKitViewTests;
				PRODUCT_NAME = "$(TARGET_NAME)";
				SWIFT_VERSION = 4.2;
				TARGETED_DEVICE_FAMILY = "1,2";
				TEST_HOST = "$(BUILT_PRODUCTS_DIR)/NavegadorSwiftWebKitView.app/NavegadorSwiftWebKitView";
			};
			name = Debug;
		};
		7F95356B21EEC13100DA5B2A /* Release */ = {
			isa = XCBuildConfiguration;
			buildSettings = {
				ALWAYS_EMBED_SWIFT_STANDARD_LIBRARIES = YES;
				BUNDLE_LOADER = "$(TEST_HOST)";
				CODE_SIGN_STYLE = Automatic;
				DEVELOPMENT_TEAM = G2N53T53EN;
				INFOPLIST_FILE = NavegadorSwiftWebKitViewTests/Info.plist;
				LD_RUNPATH_SEARCH_PATHS = (
					"$(inherited)",
					"@executable_path/Frameworks",
					"@loader_path/Frameworks",
				);
				PRODUCT_BUNDLE_IDENTIFIER = dqp.NavegadorSwiftWebKitViewTests;
				PRODUCT_NAME = "$(TARGET_NAME)";
				SWIFT_VERSION = 4.2;
				TARGETED_DEVICE_FAMILY = "1,2";
				TEST_HOST = "$(BUILT_PRODUCTS_DIR)/NavegadorSwiftWebKitView.app/NavegadorSwiftWebKitView";
			};
			name = Release;
		};
		7F95356D21EEC13100DA5B2A /* Debug */ = {
			isa = XCBuildConfiguration;
			buildSettings = {
				ALWAYS_EMBED_SWIFT_STANDARD_LIBRARIES = YES;
				CODE_SIGN_STYLE = Automatic;
				DEVELOPMENT_TEAM = G2N53T53EN;
				INFOPLIST_FILE = NavegadorSwiftWebKitViewUITests/Info.plist;
				LD_RUNPATH_SEARCH_PATHS = (
					"$(inherited)",
					"@executable_path/Frameworks",
					"@loader_path/Frameworks",
				);
				PRODUCT_BUNDLE_IDENTIFIER = dqp.NavegadorSwiftWebKitViewUITests;
				PRODUCT_NAME = "$(TARGET_NAME)";
				SWIFT_VERSION = 4.2;
				TARGETED_DEVICE_FAMILY = "1,2";
				TEST_TARGET_NAME = NavegadorSwiftWebKitView;
			};
			name = Debug;
		};
		7F95356E21EEC13100DA5B2A /* Release */ = {
			isa = XCBuildConfiguration;
			buildSettings = {
				ALWAYS_EMBED_SWIFT_STANDARD_LIBRARIES = YES;
				CODE_SIGN_STYLE = Automatic;
				DEVELOPMENT_TEAM = G2N53T53EN;
				INFOPLIST_FILE = NavegadorSwiftWebKitViewUITests/Info.plist;
				LD_RUNPATH_SEARCH_PATHS = (
					"$(inherited)",
					"@executable_path/Frameworks",
					"@loader_path/Frameworks",
				);
				PRODUCT_BUNDLE_IDENTIFIER = dqp.NavegadorSwiftWebKitViewUITests;
				PRODUCT_NAME = "$(TARGET_NAME)";
				SWIFT_VERSION = 4.2;
				TARGETED_DEVICE_FAMILY = "1,2";
				TEST_TARGET_NAME = NavegadorSwiftWebKitView;
			};
			name = Release;
		};
/* End XCBuildConfiguration section */

/* Begin XCConfigurationList section */
		7F95353921EEC13000DA5B2A /* Build configuration list for PBXProject "NavegadorSwiftWebKitView" */ = {
			isa = XCConfigurationList;
			buildConfigurations = (
				7F95356421EEC13100DA5B2A /* Debug */,
				7F95356521EEC13100DA5B2A /* Release */,
			);
			defaultConfigurationIsVisible = 0;
			defaultConfigurationName = Release;
		};
		7F95356621EEC13100DA5B2A /* Build configuration list for PBXNativeTarget "NavegadorSwiftWebKitView" */ = {
			isa = XCConfigurationList;
			buildConfigurations = (
				7F95356721EEC13100DA5B2A /* Debug */,
				7F95356821EEC13100DA5B2A /* Release */,
			);
			defaultConfigurationIsVisible = 0;
			defaultConfigurationName = Release;
		};
		7F95356921EEC13100DA5B2A /* Build configuration list for PBXNativeTarget "NavegadorSwiftWebKitViewTests" */ = {
			isa = XCConfigurationList;
			buildConfigurations = (
				7F95356A21EEC13100DA5B2A /* Debug */,
				7F95356B21EEC13100DA5B2A /* Release */,
			);
			defaultConfigurationIsVisible = 0;
			defaultConfigurationName = Release;
		};
		7F95356C21EEC13100DA5B2A /* Build configuration list for PBXNativeTarget "NavegadorSwiftWebKitViewUITests" */ = {
			isa = XCConfigurationList;
			buildConfigurations = (
				7F95356D21EEC13100DA5B2A /* Debug */,
				7F95356E21EEC13100DA5B2A /* Release */,
			);
			defaultConfigurationIsVisible = 0;
			defaultConfigurationName = Release;
		};
/* End XCConfigurationList section */
	};
	rootObject = 7F95353621EEC13000DA5B2A /* Project object */;
}
